
Microsoft Visual Studio Solution File, Format Version 12.00
# Visual Studio Version 16
VisualStudioVersion = 16.0.31729.503
MinimumVisualStudioVersion = 10.0.40219.1
Project("{FAE04EC0-301F-11D3-BF4B-00C04F79EFBC}") = "Taks1", "Taks1.csproj", "{0B0C9284-985F-4209-83BF-206CB83FB8E9}"
EndProject
Global
	GlobalSection(SolutionConfigurationPlatforms) = preSolution
		Debug|Any CPU = Debug|Any CPU
		Release|Any CPU = Release|Any CPU
	EndGlobalSection
	GlobalSection(ProjectConfigurationPlatforms) = postSolution
		{0B0C9284-985F-4209-83BF-206CB83FB8E9}.Debug|Any CPU.ActiveCfg = Debug|Any CPU
		{0B0C9284-985F-4209-83BF-206CB83FB8E9}.Debug|Any CPU.Build.0 = Debug|Any CPU
		{0B0C9284-985F-4209-83BF-206CB83FB8E9}.Release|Any CPU.ActiveCfg = Release|Any CPU
		{0B0C9284-985F-4209-83BF-206CB83FB8E9}.Release|Any CPU.Build.0 = Release|Any CPU
	EndGlobalSection
	GlobalSection(SolutionProperties) = preSolution
		HideSolutionNode = FALSE
	EndGlobalSection
	GlobalSection(ExtensibilityGlobals) = postSolution
		SolutionGuid = {C43D064E-4A2A-4F2D-8D16-C24EF7B44403}
	EndGlobalSection
EndGlobal
